<Solution>
  <Folder Name="/docs/">
    <Project Path="docs/adr/ADR.csproj">
      <Build Project="false" />
    </Project>
  </Folder>
  <Folder Name="/src/">
    <Project Path="src/Flyback.App/Flyback.App.csproj" />
    <Project Path="src/Flyback.Cli/Flyback.Cli.csproj" />
    <Project Path="src/Flyback.Core/Flyback.Core.csproj" />
    <Project Path="src/Flyback.Plugins/Flyback.Plugins.csproj" />
    <Project Path="src/Flyback.Plugins.Alsa/Flyback.Plugins.Alsa.csproj" />
    <Project Path="src/Flyback.Plugins.CoreAudio/Flyback.Plugins.CoreAudio.csproj" />
    <Project Path="src/Flyback.Plugins.Dpapi/Flyback.Plugins.Dpapi.csproj" />
    <Project Path="src/Flyback.Plugins.OpenAi/Flyback.Plugins.OpenAi.csproj" />
    <Project Path="src/Flyback.Plugins.Space/Flyback.Plugins.Space.csproj" />
    <Project Path="src/Flyback.Plugins.Supersaw/Flyback.Plugins.Supersaw.csproj" />
    <Project Path="src/Flyback.Plugins.Wasapi/Flyback.Plugins.Wasapi.csproj" />
  </Folder>
  <Folder Name="/tests/">
    <Project Path="tests/Flyback.App.Tests/Flyback.App.Tests.csproj" />
    <Project Path="tests/Flyback.Cli.Tests/Flyback.Cli.Tests.csproj" />
    <Project Path="tests/Flyback.Core.Specs/Flyback.Core.Specs.csproj" />
    <Project Path="tests/Flyback.Core.Tests/Flyback.Core.Tests.csproj" />
    <Project Path="tests/Flyback.Plugins.FakeAssistant/Flyback.Plugins.FakeAssistant.csproj" />
    <Project Path="tests/Flyback.Plugins.OpenAi.Tests/Flyback.Plugins.OpenAi.Tests.csproj" />
    <Project Path="tests/Flyback.Plugins.Sample/Flyback.Plugins.Sample.csproj" />
    <Project Path="tests/Flyback.Plugins.Tests/Flyback.Plugins.Tests.csproj" />
  </Folder>
</Solution>
