{
  "version": 2,
  "dependencies": {
    "net10.0": {
      "Microsoft.Testing.Extensions.CodeCoverage": {
        "type": "Direct",
        "requested": "[18.12.0, )",
        "resolved": "18.12.0",
        "contentHash": "BST/sWYpKk9OXO7Yxktcg6FWORRsHU0EdCbMwZ7d3OqJsMKlrNHIZ30g0Ib4k5T5acJYXRBmg9mNrTU/N6cy1g==",
        "dependencies": {
          "Microsoft.DiaSymReader": "2.2.10",
          "Microsoft.Extensions.DependencyModel": "10.0.10",
          "Microsoft.Testing.Platform": "2.5.0",
          "Mono.Cecil": "0.11.6"
        }
      },
      "Microsoft.Testing.Extensions.CrashDump": {
        "type": "Direct",
        "requested": "[2.5.1, )",
        "resolved": "2.5.1",
        "contentHash": "bV05eIsFehkX1k9WHgzsx7MlhOy4UlFhof6T/HaJxaGfI2sNA0tJJOGKQwbacm/7ldN3ZIK1B01fdqvr5Xyfag==",
        "dependencies": {
          "Microsoft.Testing.Extensions.TrxReport.Abstractions": "2.5.1",
          "Microsoft.Testing.Platform": "[2.5.1, 3.0.0)"
        }
      },
      "Microsoft.Testing.Extensions.HangDump": {
        "type": "Direct",
        "requested": "[2.5.1, )",
        "resolved": "2.5.1",
        "contentHash": "z0PfgjBRMpIIxUipOXm8wI85IVBhDq46dBS6HP9LSZizcH2QWIDjCi09UMkvROaYFAhfwBVv1cAihFMquTw/bw==",
        "dependencies": {
          "Microsoft.Diagnostics.NETCore.Client": "0.2.607501",
          "Microsoft.Testing.Platform": "[2.5.1, 3.0.0)"
        }
      },
      "Shouldly": {
        "type": "Direct",
        "requested": "[4.3.0, )",
        "resolved": "4.3.0",
        "contentHash": "sDetrWXrl6YXZ4HeLsdBoNk3uIa7K+V4uvIJ+cqdRa5DrFxeTED7VkjoxCuU1kJWpUuBDZz2QXFzSxBtVXLwRQ==",
        "dependencies": {
          "DiffEngine": "11.3.0",
          "EmptyFiles": "4.4.0"
        }
      },
      "xunit.v3": {
        "type": "Direct",
        "requested": "[4.0.2, )",
        "resolved": "4.0.2",
        "contentHash": "TdjM2OAx7w/0E88E6PgaigLoTbQaxbSR3HF/8p92plchTjf29jPHW27ylvEOz+Nx8CvPwWKGQlOR1fDv6/Qh5A==",
        "dependencies": {
          "xunit.v3.mtp-v2": "[4.0.2]"
        }
      },
      "DiffEngine": {
        "type": "Transitive",
        "resolved": "11.3.0",
        "contentHash": "k0ZgZqd09jLZQjR8FyQbSQE86Q7QZnjEzq1LPHtj1R2AoWO8sjV5x+jlSisL7NZAbUOI4y+7Bog8gkr9WIRBGw==",
        "dependencies": {
          "EmptyFiles": "4.4.0",
          "System.Management": "6.0.1"
        }
      },
      "EmptyFiles": {
        "type": "Transitive",
        "resolved": "4.4.0",
        "contentHash": "gwJEfIGS7FhykvtZoscwXj/XwW+mJY6UbAZk+qtLKFUGWC95kfKXnj8VkxsZQnWBxJemM/q664rGLN5nf+OHZw=="
      },
      "Microsoft.ApplicationInsights": {
        "type": "Transitive",
        "resolved": "2.23.0",
        "contentHash": "nWArUZTdU7iqZLycLKWe0TDms48KKGE6pONH2terYNa8REXiqixrMOkf1sk5DHGMaUTqONU2YkS4SAXBhLStgw=="
      },
      "Microsoft.Bcl.AsyncInterfaces": {
        "type": "Transitive",
        "resolved": "6.0.0",
        "contentHash": "UcSjPsst+DfAdJGVDsu346FX0ci0ah+lw3WRtn18NUwEqRt70HaOQ7lI72vy3+1LxtqI3T5GWwV39rQSrCzAeg=="
      },
      "Microsoft.Diagnostics.NETCore.Client": {
        "type": "Transitive",
        "resolved": "0.2.607501",
        "contentHash": "17Yxzao41A1oZZ5lCCAnnXOy9up5i/GVEGazBjJAUZ4UISsNAotUt6h7zvCDgfKIC46CD7jszgLzLZoscSIJQA==",
        "dependencies": {
          "Microsoft.Extensions.Logging.Abstractions": "6.0.4"
        }
      },
      "Microsoft.DiaSymReader": {
        "type": "Transitive",
        "resolved": "2.2.10",
        "contentHash": "zmGsm6b2y3STDa/Of7rdkkfTDV8VuGB8aCqIkLoJIQh5tL78K3zJ8OUyFKnfsaORXmGr9iOKwDkZfUjeXi+CwA=="
      },
      "Microsoft.Extensions.DependencyModel": {
        "type": "Transitive",
        "resolved": "10.0.10",
        "contentHash": "rfZA1RjR021RPqSmIPovfz2aOd79TGqJ9BengbjnzIISOVwjLmuSDnhCMmiY/1c6iYvGolQ1iNGzkav0u11XEA=="
      },
      "Microsoft.Extensions.Logging.Abstractions": {
        "type": "Transitive",
        "resolved": "6.0.4",
        "contentHash": "K14wYgwOfKVELrUh5eBqlC8Wvo9vvhS3ZhIvcswV2uS/ubkTRPSQsN557EZiYUSSoZNxizG+alN4wjtdyLdcyw=="
      },
      "Microsoft.Testing.Extensions.Telemetry": {
        "type": "Transitive",
        "resolved": "2.5.1",
        "contentHash": "mu2iyoHovwl0q1mGeeRU0h8+LALXC7HqbxniLa1shTKYdJGl+KPoCEgjWIQ8MLzk1tlTGPOfg1JsxdH3RxhMCA==",
        "dependencies": {
          "Microsoft.ApplicationInsights": "2.23.0",
          "Microsoft.Testing.Platform": "[2.5.1, 3.0.0)"
        }
      },
      "Microsoft.Testing.Extensions.TrxReport.Abstractions": {
        "type": "Transitive",
        "resolved": "2.5.1",
        "contentHash": "DYTZAguaHz0wNJdHDTTGYOXtnlDoLoIbTMDKSApNNcytm55DJcnwpwELfQGLk5DB5QlgaEjNhnGo1Pu5QvL5VA==",
        "dependencies": {
          "Microsoft.Testing.Platform": "[2.5.1, 3.0.0)"
        }
      },
      "Microsoft.Testing.Platform": {
        "type": "Transitive",
        "resolved": "2.5.1",
        "contentHash": "FAMaFFWnULW+hDHMb40Qzhcgz9cAU2/EtgRCBNX/DdQoKo0sPG2EiY+w7bQdl/BgHnf/DbpXLbf5Xy0o15M8NA=="
      },
      "Microsoft.Testing.Platform.MSBuild": {
        "type": "Transitive",
        "resolved": "2.5.1",
        "contentHash": "lYawcAwY+h76rQmpma2n0HaL8zkOFbbKapso0Eb+uOAUQn7333pIByLftEuiO67csAoZufHNMwi6PqhNemWQXA==",
        "dependencies": {
          "Microsoft.Testing.Platform": "[2.5.1, 3.0.0)"
        }
      },
      "Microsoft.Win32.Registry": {
        "type": "Transitive",
        "resolved": "5.0.0",
        "contentHash": "dDoKi0PnDz31yAyETfRntsLArTlVAVzUzCIvvEDsDsucrl33Dl8pIJG06ePTJTI3tGpeyHS9Cq7Foc/s4EeKcg=="
      },
      "Mono.Cecil": {
        "type": "Transitive",
        "resolved": "0.11.6",
        "contentHash": "f33RkDtZO8VlGXCtmQIviOtxgnUdym9xx/b1p9h91CRGOsJFxCFOFK1FDbVt1OCf1aWwYejUFa2MOQyFWTFjbA=="
      },
      "System.CodeDom": {
        "type": "Transitive",
        "resolved": "6.0.0",
        "contentHash": "CPc6tWO1LAer3IzfZufDBRL+UZQcj5uS207NHALQzP84Vp/z6wF0Aa0YZImOQY8iStY0A2zI/e3ihKNPfUm8XA=="
      },
      "System.Management": {
        "type": "Transitive",
        "resolved": "6.0.1",
        "contentHash": "10J1D0h/lioojphfJ4Fuh5ZUThT/xOVHdV9roGBittKKNP2PMjrvibEdbVTGZcPra1399Ja3tqIJLyQrc5Wmhg==",
        "dependencies": {
          "System.CodeDom": "6.0.0"
        }
      },
      "System.Security.AccessControl": {
        "type": "Transitive",
        "resolved": "6.0.1",
        "contentHash": "IQ4NXP/B3Ayzvw0rDQzVTYsCKyy0Jp9KI6aYcK7UnGVlR9+Awz++TIPCQtPYfLJfOpm8ajowMR09V7quD3sEHw=="
      },
      "xunit.analyzers": {
        "type": "Transitive",
        "resolved": "2.2.0",
        "contentHash": "dXMIIztipcAyL3a19gtUrih/RLrE33/4VJdICoinYqIXXo1KLtsMPsaQ9dO2pE8xajDguwE2kqVbBqE5/EoJ0Q=="
      },
      "xunit.v3.assert": {
        "type": "Transitive",
        "resolved": "4.0.2",
        "contentHash": "5PKRexYlvufWFdXenRcRGKqvaJBBZFJZpqUGlUs9p13eKEgVdOrLpkPknjzUvLY5kEUicK9871DIUDcCPA6AXA=="
      },
      "xunit.v3.common": {
        "type": "Transitive",
        "resolved": "4.0.2",
        "contentHash": "++CtT8daIf6qfieQev/8V88U3zViIDWou5cj+oWps1/Hf73UoaY/L0hKyi3v7Zlt3BmbU0pUc73zCB1GiB4nYA==",
        "dependencies": {
          "Microsoft.Bcl.AsyncInterfaces": "6.0.0"
        }
      },
      "xunit.v3.core.mtp-v2": {
        "type": "Transitive",
        "resolved": "4.0.2",
        "contentHash": "XyPMcQRsnUQLhmBBRRgYWsuPc8TyiANzcXtqfzyWfDpPuyh3Q0K4oWozZYQKZRNGnqJ97ifD6qUDWhsEEe32uw==",
        "dependencies": {
          "Microsoft.Testing.Extensions.Telemetry": "2.5.1",
          "Microsoft.Testing.Extensions.TrxReport.Abstractions": "2.5.1",
          "Microsoft.Testing.Platform": "2.5.1",
          "Microsoft.Testing.Platform.MSBuild": "2.5.1",
          "xunit.v3.extensibility.core": "[4.0.2]",
          "xunit.v3.runner.inproc.console": "[4.0.2]"
        }
      },
      "xunit.v3.mtp-v2": {
        "type": "Transitive",
        "resolved": "4.0.2",
        "contentHash": "XLV32FhkuvheBStvX0DvjfPEtI+4SOVcIhnlTS+549r8VfVwsjpWdkJtQmQ7D23PA+Zoaqo+sTjBkRSkidC6Tw==",
        "dependencies": {
          "xunit.analyzers": "2.2.0",
          "xunit.v3.assert": "[4.0.2]",
          "xunit.v3.core.mtp-v2": "[4.0.2]"
        }
      },
      "xunit.v3.runner.common": {
        "type": "Transitive",
        "resolved": "4.0.2",
        "contentHash": "YlYKVhTJVcwEgJ6rm59Pjf71lQqKwKxEHqVRxWUuwrwm/nxB/mNFP/lP4vlntDO3GclNnLT9BjYOpJH9gViGQg==",
        "dependencies": {
          "Microsoft.Win32.Registry": "[5.0.0]",
          "System.Security.AccessControl": "[6.0.1]",
          "xunit.v3.common": "[4.0.2]"
        }
      },
      "xunit.v3.runner.inproc.console": {
        "type": "Transitive",
        "resolved": "4.0.2",
        "contentHash": "cg4XNpCN4Ry9nswutknpreN3ckSUBwtjMRmEQSNK/sIKPo6KN5tDGGGCaHDm5HGA4yFVVtTJX65tLCsZArUNfQ==",
        "dependencies": {
          "xunit.v3.extensibility.core": "[4.0.2]",
          "xunit.v3.runner.common": "[4.0.2]"
        }
      },
      "flyback.core": {
        "type": "Project"
      },
      "flyback.engine": {
        "type": "Project",
        "dependencies": {
          "Flyback.Core": "[0.1.0-dev, )"
        }
      },
      "flyback.plugins": {
        "type": "Project",
        "dependencies": {
          "Flyback.Core": "[0.1.0-dev, )"
        }
      },
      "flyback.plugins.testing": {
        "type": "Project",
        "dependencies": {
          "Flyback.Plugins": "[0.1.0-dev, )"
        }
      },
      "xunit.v3.extensibility.core": {
        "type": "CentralTransitive",
        "requested": "[4.0.1, )",
        "resolved": "4.0.2",
        "contentHash": "ARTt+pGyd86mdtiFBkKpyBQvRC3u0rr8oidBlII2GsAg7D6TfOsDFCsoQtFij83V5pE57m3whUIqT4xjiARXbQ==",
        "dependencies": {
          "xunit.v3.common": "[4.0.2]"
        }
      }
    }
  }
}