{
  "version": 2,
  "dependencies": {
    "net10.0": {
      "Avalonia.Fonts.Inter": {
        "type": "Direct",
        "requested": "[12.1.3, )",
        "resolved": "12.1.3",
        "contentHash": "kNh670aMSkTk/2gA0F1rnghio4PL4op89Ypreq2BL9J/A/3PYxhoMfTPEgHUjOcPliPOyXsk5/86WzlJNeeETA==",
        "dependencies": {
          "Avalonia": "12.1.3"
        }
      },
      "Avalonia.Headless": {
        "type": "Direct",
        "requested": "[12.1.3, )",
        "resolved": "12.1.3",
        "contentHash": "FY1gJwCVQ/kIxpUoXQMFMwQc5PXJhErpLTF0HrL3iHyuwjPeaFLOU5ZinxO+s3PV6mUt/e/GR9VM2vaVpiEBPA==",
        "dependencies": {
          "Avalonia": "12.1.3",
          "Avalonia.Fonts.Inter": "12.1.3",
          "Avalonia.HarfBuzz": "12.1.3"
        }
      },
      "Avalonia.Skia": {
        "type": "Direct",
        "requested": "[12.1.3, )",
        "resolved": "12.1.3",
        "contentHash": "fYfSecJ6vQT3zB9vWl2DOoBK6JM4Mzxpz7KbUPxJePjY/yUl2OyhjKCyUcGZF2DV5mpAYfCOT4rdKEk8hP/lCA==",
        "dependencies": {
          "Avalonia": "12.1.3",
          "HarfBuzzSharp": "8.3.1.3",
          "HarfBuzzSharp.NativeAssets.Linux": "8.3.1.3",
          "HarfBuzzSharp.NativeAssets.WebAssembly": "8.3.1.3",
          "SkiaSharp": "3.119.4",
          "SkiaSharp.NativeAssets.Linux": "3.119.4",
          "SkiaSharp.NativeAssets.WebAssembly": "3.119.4"
        }
      },
      "Avalonia.Themes.Fluent": {
        "type": "Direct",
        "requested": "[12.1.3, )",
        "resolved": "12.1.3",
        "contentHash": "ens/GHfXXk0W1ZScHZ2XG6DFiVyUVKR+0O8QK6zkviMNAPQCNwkftXlRVSFSQGtBYxXoJHZMsKYvCLEtVyzkug==",
        "dependencies": {
          "Avalonia": "12.1.3"
        }
      },
      "xunit.v3.extensibility.core": {
        "type": "Direct",
        "requested": "[4.0.2, )",
        "resolved": "4.0.2",
        "contentHash": "ARTt+pGyd86mdtiFBkKpyBQvRC3u0rr8oidBlII2GsAg7D6TfOsDFCsoQtFij83V5pE57m3whUIqT4xjiARXbQ==",
        "dependencies": {
          "xunit.v3.common": "[4.0.2]"
        }
      },
      "Avalonia.BuildServices": {
        "type": "Transitive",
        "resolved": "11.3.2",
        "contentHash": "qHDToxto1e3hci5YqbG9n0Ty8mlp3zBUN5wT66wKqaDVzXyQ0do3EnRILd4Ke9jpvsktaPpgE0YjEk7hornryQ=="
      },
      "Avalonia.HarfBuzz": {
        "type": "Transitive",
        "resolved": "12.1.3",
        "contentHash": "XcO9BBsmZHMIK+e+yy1TGsytlhqa7o4ih2Y7B0Q7OKh91GEEerbEc6v/X2kRmluKxyYNSmkwH5Uzj53FtjJngA==",
        "dependencies": {
          "Avalonia": "12.1.3",
          "HarfBuzzSharp": "8.3.1.3",
          "HarfBuzzSharp.NativeAssets.Linux": "8.3.1.3",
          "HarfBuzzSharp.NativeAssets.WebAssembly": "8.3.1.3"
        }
      },
      "Avalonia.Remote.Protocol": {
        "type": "Transitive",
        "resolved": "12.1.3",
        "contentHash": "HcF69DKyihgg5coLOSp7GTqxQvWAy58LMKauwcHA28uSBJVwu0h5+gTNdJA8Sn/nqJVTRDU98zYsk6i1QSwDVQ=="
      },
      "HarfBuzzSharp": {
        "type": "Transitive",
        "resolved": "8.3.1.3",
        "contentHash": "NGZ2+ZVNPM+NdHB/asW0/ykWngyHWwcqjrbN2nDeH1B/aptPGlCUl8wkQ2cSJxw5fdWgdmIPmNuTPWpLwNVXWg==",
        "dependencies": {
          "HarfBuzzSharp.NativeAssets.Win32": "8.3.1.3",
          "HarfBuzzSharp.NativeAssets.macOS": "8.3.1.3"
        }
      },
      "HarfBuzzSharp.NativeAssets.Linux": {
        "type": "Transitive",
        "resolved": "8.3.1.3",
        "contentHash": "RI6A1LgmooU30+4QIyFt5rmBCzP0VzTR+587IJSGvYIsHHWlahFufihYxtraLfsIhW7I8dn6+xX+DZGygOPKWQ=="
      },
      "HarfBuzzSharp.NativeAssets.macOS": {
        "type": "Transitive",
        "resolved": "8.3.1.3",
        "contentHash": "KPTq0xnslkI6nAo0jh3ptcQPJvZZr7MWYXa2jUe4SnHc9q+JlHElmNXp0sfFoiTgoCX7WOYpYsurypuH9Gehxw=="
      },
      "HarfBuzzSharp.NativeAssets.Win32": {
        "type": "Transitive",
        "resolved": "8.3.1.3",
        "contentHash": "bx8CE8Js+XGX8PUxAHCBDEORt5aaBYtMN4Hr9QFs57Xithh6yjUyYqksizH6eRDhJkwsGI+SXWmPmMm8lZC9Pw=="
      },
      "MicroCom.Runtime": {
        "type": "Transitive",
        "resolved": "0.11.6",
        "contentHash": "NdNWGDiZ6eS/Mf/9+QHR91cj1K7Hy+PX9yrHI/zM7xFYuj9IWT2uxtB6sCHjrnxAeLV9fut1R6zHDUGKX6f9lQ=="
      },
      "Microsoft.Bcl.AsyncInterfaces": {
        "type": "Transitive",
        "resolved": "6.0.0",
        "contentHash": "UcSjPsst+DfAdJGVDsu346FX0ci0ah+lw3WRtn18NUwEqRt70HaOQ7lI72vy3+1LxtqI3T5GWwV39rQSrCzAeg=="
      },
      "SkiaSharp": {
        "type": "Transitive",
        "resolved": "3.119.4",
        "contentHash": "53NOSUZ1Us+91Sm0uCkIivh/k7jOowRErZT2sIWwPFN9mLUvdxnE6rS4sWo4255+Rd2MWUSF+j0NMZHD6Cke+Q==",
        "dependencies": {
          "SkiaSharp.NativeAssets.Win32": "3.119.4",
          "SkiaSharp.NativeAssets.macOS": "3.119.4"
        }
      },
      "SkiaSharp.NativeAssets.Linux": {
        "type": "Transitive",
        "resolved": "3.119.4",
        "contentHash": "UAyVzbqNfZsZbKbzj68zXLyUyF/SbTKmzTfOO6qDu++dtIUMMTzPBe8oOuzU/DiewpfKoUUlOSsJmqWc6blxBw=="
      },
      "SkiaSharp.NativeAssets.macOS": {
        "type": "Transitive",
        "resolved": "3.119.4",
        "contentHash": "fgBOWEqbY012x7gMfJU4ezgz6dfhJb30Z6YdW35h85Zoe39+a8YNbAAwL29ihPfWoppg5AjvyKNzD1oCvlqWwA=="
      },
      "SkiaSharp.NativeAssets.Win32": {
        "type": "Transitive",
        "resolved": "3.119.4",
        "contentHash": "XOpbx/4CReO2wYsq2s6rbvdauc6dntG4Zv499sHGTJ87bwZaFXszFkwql3+FIZMc8kUPeaj3Mx2ezIJmo8a1Kg=="
      },
      "xunit.v3.common": {
        "type": "Transitive",
        "resolved": "4.0.2",
        "contentHash": "++CtT8daIf6qfieQev/8V88U3zViIDWou5cj+oWps1/Hf73UoaY/L0hKyi3v7Zlt3BmbU0pUc73zCB1GiB4nYA==",
        "dependencies": {
          "Microsoft.Bcl.AsyncInterfaces": "6.0.0"
        }
      },
      "Avalonia": {
        "type": "CentralTransitive",
        "requested": "[12.1.3, )",
        "resolved": "12.1.3",
        "contentHash": "l0VGyGn1OwqFrhmIhIHivvrQP0DtBD4Vn2F1vLYgGA2X2qHg0DMVRAln/6xOTLBUYoTopiVAujN0jtH8MpVSeA==",
        "dependencies": {
          "Avalonia.BuildServices": "11.3.2",
          "Avalonia.Remote.Protocol": "12.1.3",
          "MicroCom.Runtime": "0.11.6"
        }
      },
      "HarfBuzzSharp.NativeAssets.WebAssembly": {
        "type": "CentralTransitive",
        "requested": "[14.2.0, )",
        "resolved": "8.3.1.3",
        "contentHash": "w2QfdNm9Uz/sUa0B5D+OnVQhyq3G/fBq6ibQMdWBlQqqwh0g0/5j3RFvYqZAmRZ5+RzvjVe8o8SFFnWYUSkuxA=="
      },
      "SkiaSharp.NativeAssets.WebAssembly": {
        "type": "CentralTransitive",
        "requested": "[4.148.0, )",
        "resolved": "3.119.4",
        "contentHash": "S1HOxtBbD4bYDtA2e9WH5TX+lxqRrTPvKjrjttRhxnHNNu7YY8VFo/LeCP7tNqoTA6PV+8vsvNbmRUEC2ip8RQ=="
      }
    }
  }
}