{
  "version": 2,
  "dependencies": {
    "net10.0": {
      "Avalonia.Fonts.Inter": {
        "type": "Direct",
        "requested": "[12.1.4, )",
        "resolved": "12.1.4",
        "contentHash": "PqzIALObVJ3ZUpfYDkoNNkijaVBUGVrHqAyWPkE39aJrPukbMv49aGMhS+c5HiW1s+/iuo3fW+ISOk34GOc0iw==",
        "dependencies": {
          "Avalonia": "12.1.4"
        }
      },
      "Avalonia.Headless": {
        "type": "Direct",
        "requested": "[12.1.4, )",
        "resolved": "12.1.4",
        "contentHash": "XsVJaOc2OXDAMJ66eSnclm3YvfuVdiPay0zJUP0+fqoGoFv4XgPxvM2pMbwwt5VRVDyTSHHDpT0YGdg61ZCk/g==",
        "dependencies": {
          "Avalonia": "12.1.4",
          "Avalonia.Fonts.Inter": "12.1.4",
          "Avalonia.HarfBuzz": "12.1.4"
        }
      },
      "Avalonia.Skia": {
        "type": "Direct",
        "requested": "[12.1.4, )",
        "resolved": "12.1.4",
        "contentHash": "BA6B1Up9AcX4JmnskD6FyxF+ZEowXDhGvzw1lG+Xx6sQO0VyOE2yDoAmD/S2EsYZUukPfRUJmIyjeM//WdZAxA==",
        "dependencies": {
          "Avalonia": "12.1.4",
          "HarfBuzzSharp": "8.3.1.3",
          "HarfBuzzSharp.NativeAssets.Linux": "8.3.1.3",
          "HarfBuzzSharp.NativeAssets.WebAssembly": "8.3.1.3",
          "SkiaSharp": "3.119.4",
          "SkiaSharp.NativeAssets.Linux": "3.119.4",
          "SkiaSharp.NativeAssets.WebAssembly": "3.119.4"
        }
      },
      "Avalonia.Themes.Fluent": {
        "type": "Direct",
        "requested": "[12.1.4, )",
        "resolved": "12.1.4",
        "contentHash": "vx7P4as07WLQqA2mhMy4iBsqhkWEGwZI7g9Rd2DlJgz3uKS2tSvY6nZqHq3sWMFDBYBT65jkTsetPrgV8oprsQ==",
        "dependencies": {
          "Avalonia": "12.1.4"
        }
      },
      "xunit.v3.extensibility.core": {
        "type": "Direct",
        "requested": "[4.0.1, )",
        "resolved": "4.0.1",
        "contentHash": "J0d5OfFcp920nZxCRIvU14+TZhiSPQR0wvqEMZ3MRiJLPu1VmYlcRNkmcSW0i1DwkB81gAHc+fHUQf/cU64MYg==",
        "dependencies": {
          "xunit.v3.common": "[4.0.1]"
        }
      },
      "Avalonia.BuildServices": {
        "type": "Transitive",
        "resolved": "11.3.2",
        "contentHash": "qHDToxto1e3hci5YqbG9n0Ty8mlp3zBUN5wT66wKqaDVzXyQ0do3EnRILd4Ke9jpvsktaPpgE0YjEk7hornryQ=="
      },
      "Avalonia.HarfBuzz": {
        "type": "Transitive",
        "resolved": "12.1.4",
        "contentHash": "PxaJL9P/Zn6w89kLokuLcWDnj+w4erpfp57SiDN4JhX4NI2qPLJEmxgogTwyXjCUE8vq7Jg7kjH/z5D2jeGAhA==",
        "dependencies": {
          "Avalonia": "12.1.4",
          "HarfBuzzSharp": "8.3.1.3",
          "HarfBuzzSharp.NativeAssets.Linux": "8.3.1.3",
          "HarfBuzzSharp.NativeAssets.WebAssembly": "8.3.1.3"
        }
      },
      "Avalonia.Remote.Protocol": {
        "type": "Transitive",
        "resolved": "12.1.4",
        "contentHash": "9ajC+Ff+U9S21JJKGbJgnwp9fY+zwJG+bSEC//o/vJU2M6IEMRGp+D1+AUoqTR79FAA/iDYgf4f4EF4PZKhZsg=="
      },
      "HarfBuzzSharp": {
        "type": "Transitive",
        "resolved": "8.3.1.3",
        "contentHash": "NGZ2+ZVNPM+NdHB/asW0/ykWngyHWwcqjrbN2nDeH1B/aptPGlCUl8wkQ2cSJxw5fdWgdmIPmNuTPWpLwNVXWg==",
        "dependencies": {
          "HarfBuzzSharp.NativeAssets.Win32": "8.3.1.3",
          "HarfBuzzSharp.NativeAssets.macOS": "8.3.1.3"
        }
      },
      "HarfBuzzSharp.NativeAssets.Linux": {
        "type": "Transitive",
        "resolved": "8.3.1.3",
        "contentHash": "RI6A1LgmooU30+4QIyFt5rmBCzP0VzTR+587IJSGvYIsHHWlahFufihYxtraLfsIhW7I8dn6+xX+DZGygOPKWQ=="
      },
      "HarfBuzzSharp.NativeAssets.macOS": {
        "type": "Transitive",
        "resolved": "8.3.1.3",
        "contentHash": "KPTq0xnslkI6nAo0jh3ptcQPJvZZr7MWYXa2jUe4SnHc9q+JlHElmNXp0sfFoiTgoCX7WOYpYsurypuH9Gehxw=="
      },
      "HarfBuzzSharp.NativeAssets.Win32": {
        "type": "Transitive",
        "resolved": "8.3.1.3",
        "contentHash": "bx8CE8Js+XGX8PUxAHCBDEORt5aaBYtMN4Hr9QFs57Xithh6yjUyYqksizH6eRDhJkwsGI+SXWmPmMm8lZC9Pw=="
      },
      "MicroCom.Runtime": {
        "type": "Transitive",
        "resolved": "0.11.6",
        "contentHash": "NdNWGDiZ6eS/Mf/9+QHR91cj1K7Hy+PX9yrHI/zM7xFYuj9IWT2uxtB6sCHjrnxAeLV9fut1R6zHDUGKX6f9lQ=="
      },
      "Microsoft.Bcl.AsyncInterfaces": {
        "type": "Transitive",
        "resolved": "6.0.0",
        "contentHash": "UcSjPsst+DfAdJGVDsu346FX0ci0ah+lw3WRtn18NUwEqRt70HaOQ7lI72vy3+1LxtqI3T5GWwV39rQSrCzAeg=="
      },
      "SkiaSharp": {
        "type": "Transitive",
        "resolved": "3.119.4",
        "contentHash": "53NOSUZ1Us+91Sm0uCkIivh/k7jOowRErZT2sIWwPFN9mLUvdxnE6rS4sWo4255+Rd2MWUSF+j0NMZHD6Cke+Q==",
        "dependencies": {
          "SkiaSharp.NativeAssets.Win32": "3.119.4",
          "SkiaSharp.NativeAssets.macOS": "3.119.4"
        }
      },
      "SkiaSharp.NativeAssets.Linux": {
        "type": "Transitive",
        "resolved": "3.119.4",
        "contentHash": "UAyVzbqNfZsZbKbzj68zXLyUyF/SbTKmzTfOO6qDu++dtIUMMTzPBe8oOuzU/DiewpfKoUUlOSsJmqWc6blxBw=="
      },
      "SkiaSharp.NativeAssets.macOS": {
        "type": "Transitive",
        "resolved": "3.119.4",
        "contentHash": "fgBOWEqbY012x7gMfJU4ezgz6dfhJb30Z6YdW35h85Zoe39+a8YNbAAwL29ihPfWoppg5AjvyKNzD1oCvlqWwA=="
      },
      "SkiaSharp.NativeAssets.Win32": {
        "type": "Transitive",
        "resolved": "3.119.4",
        "contentHash": "XOpbx/4CReO2wYsq2s6rbvdauc6dntG4Zv499sHGTJ87bwZaFXszFkwql3+FIZMc8kUPeaj3Mx2ezIJmo8a1Kg=="
      },
      "xunit.v3.common": {
        "type": "Transitive",
        "resolved": "4.0.1",
        "contentHash": "Qf25TVdadDQYf9zVxSd7L9RNQhuP0jCUHmo96XTmIKLxGefylIEV63jRbXBPFzdXmV09TCdcurk+AQ9LiWS2Hg==",
        "dependencies": {
          "Microsoft.Bcl.AsyncInterfaces": "6.0.0"
        }
      },
      "Avalonia": {
        "type": "CentralTransitive",
        "requested": "[12.1.4, )",
        "resolved": "12.1.4",
        "contentHash": "Vlz+ebY0PBVsTFXAPIpM+7ySgezMtyJ3GMMGmccHwxXXjgLF2x5+NMwO4AqrdM/lrUPZremnYNO6MSg1r1vuxw==",
        "dependencies": {
          "Avalonia.BuildServices": "11.3.2",
          "Avalonia.Remote.Protocol": "12.1.4",
          "MicroCom.Runtime": "0.11.6"
        }
      },
      "HarfBuzzSharp.NativeAssets.WebAssembly": {
        "type": "CentralTransitive",
        "requested": "[14.2.0, )",
        "resolved": "8.3.1.3",
        "contentHash": "w2QfdNm9Uz/sUa0B5D+OnVQhyq3G/fBq6ibQMdWBlQqqwh0g0/5j3RFvYqZAmRZ5+RzvjVe8o8SFFnWYUSkuxA=="
      },
      "SkiaSharp.NativeAssets.WebAssembly": {
        "type": "CentralTransitive",
        "requested": "[4.148.0, )",
        "resolved": "3.119.4",
        "contentHash": "S1HOxtBbD4bYDtA2e9WH5TX+lxqRrTPvKjrjttRhxnHNNu7YY8VFo/LeCP7tNqoTA6PV+8vsvNbmRUEC2ip8RQ=="
      }
    }
  }
}